{
  "originHash" : "28f34fb592abde156c70cb036605473bbf4bd2e0a7a85194af108dbdf3a3fe4b",
  "pins" : [
    {
      "identity" : "mecab-swift",
      "kind" : "remoteSourceControl",
      "location" : "https://github.com/shinjukunian/Mecab-Swift",
      "state" : {
        "branch" : "master",
        "revision" : "1f096492e37fc05fc2e7304091f54889974c5368"
      }
    },
    {
      "identity" : "popovers",
      "kind" : "remoteSourceControl",
      "location" : "https://github.com/aheze/Popovers",
      "state" : {
        "revision" : "de44c4dd7271ec6413fe350f7efadb14e5e18dce",
        "version" : "1.3.2"
      }
    },
    {
      "identity" : "regex",
      "kind" : "remoteSourceControl",
      "location" : "https://github.com/sharplet/Regex",
      "state" : {
        "revision" : "76c2b73d4281d77fc3118391877efd1bf972f515",
        "version" : "2.1.1"
      }
    },
    {
      "identity" : "swiftui-wrapping-stack",
      "kind" : "remoteSourceControl",
      "location" : "https://github.com/diniska/swiftui-wrapping-stack",
      "state" : {
        "revision" : "1e6b0fffe902cf3ffc102af5e7c0c4767cbc09e0",
        "version" : "1.1.0"
      }
    },
    {
      "identity" : "unrar.swift",
      "kind" : "remoteSourceControl",
      "location" : "https://github.com/mtgto/Unrar.swift",
      "state" : {
        "revision" : "102c17ef80b48897e53c57316a930c6bf7c8aa2c",
        "version" : "0.4.2"
      }
    },
    {
      "identity" : "zipfoundation",
      "kind" : "remoteSourceControl",
      "location" : "https://github.com/weichsel/ZIPFoundation",
      "state" : {
        "revision" : "02b6abe5f6eef7e3cbd5f247c5cc24e246efcfe0",
        "version" : "0.9.19"
      }
    }
  ],
  "version" : 3
}
